version = 1
revision = 3
requires-python = ">=3.12"

[[package]]
name = "polars"
version = "1.44.0"
source = { registry = "https://pypi.org/simple" }
dependencies = [
    { name = "polars-runtime-32" },
]
sdist = { url = "https://files.pythonhosted.org/packages/7c/ff/94fd6c318da5ad55effff289cf232b6378fd7689ae8ce779c1a61ef27b49/polars-1.44.0.tar.gz", hash = "sha256:6cab3691eac679956aa833e7d015e582d6590fd39f3ad707f6c5d4ca89fa0488", size = 765633, upload-time = "2026-08-24T09:38:12.621Z" }
wheels = [
    { url = "https://files.pythonhosted.org/packages/38/41/b347e6a1d8740d2911b97e927c2d5791d69beed977b5a6e827e455631465/polars-1.44.0-py3-none-any.whl", hash = "sha256:37facc6cca424040f336def717f25124aea6f68545a6ca1fefa5f049ce053ec9", size = 865200, upload-time = "2026-08-24T09:36:22.606Z" },
]

[[package]]
name = "polars-runtime-32"
version = "1.44.0"
source = { registry = "https://pypi.org/simple" }
sdist = { url = "https://files.pythonhosted.org/packages/77/6c/7bd2f5538649aa8c9265d3154e644494ac356e89d4071f2a386e474750ae/polars_runtime_32-1.44.0.tar.gz", hash = "sha256:4b39023054a33e52a759cf0d040db81b5f4194d6021458a14d2d830284ea65f7", size = 3169025, upload-time = "2026-08-24T09:38:14.369Z" }
wheels = [
    { url = "https://files.pythonhosted.org/packages/a2/6b/024abbc09eeedac2ac2a3002c0dfceefc2af8bb23ed3b92f0b0f57f0f682/polars_runtime_32-1.44.0-cp310-abi3-macosx_10_12_x86_64.whl", hash = "sha256:d5513c1f9d9981c5d73efd9de8cad9aff7fc86e4af156068d190dc0f6a99bc4d", size = 53955921, upload-time = "2026-08-24T09:36:26.408Z" },
    { url = "https://files.pythonhosted.org/packages/34/49/d3db94bb33174b0f260ed63cc29cacd164686dbf1f09588926b7e9eb75e9/polars_runtime_32-1.44.0-cp310-abi3-macosx_11_0_arm64.whl", hash = "sha256:096b3937cb3a6efc35f80e2b34e2a21bc87c5a52f05f8b96dd75569302203617", size = 48613230, upload-time = "2026-08-24T09:36:30.579Z" },
    { url = "https://files.pythonhosted.org/packages/ed/13/0146193983fa54b059952766d6b7777f46e86cf08f9767eaa316ae5b4cd6/polars_runtime_32-1.44.0-cp310-abi3-manylinux_2_17_aarch64.manylinux2014_aarch64.whl", hash = "sha256:1c9c4cc6f3e90d7a073f44f632a2df0e8466e6cc408768fc348fa60c107ce5a8", size = 52454423, upload-time = "2026-08-24T09:36:34.105Z" },
    { url = "https://files.pythonhosted.org/packages/9b/37/c0fbf9bebfbc0cbce7c8756ca74dfdf111ba919e57c7f8b16b318cfbac7b/polars_runtime_32-1.44.0-cp310-abi3-manylinux_2_17_x86_64.manylinux2014_x86_64.whl", hash = "sha256:975da593d19db0b800bf2c2ac88d087f2e55b1ebee9d72e3a5789941c5cce85f", size = 58553834, upload-time = "2026-08-24T09:36:38.129Z" },
    { url = "https://files.pythonhosted.org/packages/b2/45/95d80f6b1e9ab486144e82d84d9ab1ff89ec831549a863a44b48c5e4b14d/polars_runtime_32-1.44.0-cp310-abi3-musllinux_1_2_aarch64.whl", hash = "sha256:c66daeede0e1bcc64ec74d534e9755721e70dcf0fb2a784af32f16bdf46adadb", size = 52630157, upload-time = "2026-08-24T09:36:41.935Z" },
    { url = "https://files.pythonhosted.org/packages/fb/f1/054bf03c1561c1dfb278159c372d500e542c59ee2c39d41a1c99d33edbbd/polars_runtime_32-1.44.0-cp310-abi3-musllinux_1_2_x86_64.whl", hash = "sha256:09a20c154d8f85156a6fbb4e8fdd33acbf883627d8b5758706a43ac760a66a13", size = 56444743, upload-time = "2026-08-24T09:36:45.835Z" },
    { url = "https://files.pythonhosted.org/packages/a4/03/9b787bc06729cf19d78d0b873e3168e1a4ba497a49180cb05fea63b881b5/polars_runtime_32-1.44.0-cp310-abi3-win_amd64.whl", hash = "sha256:64228c43a24f5cca1ab29ce47187d02d3c41466a1c07ed75d8f7899ba83bc105", size = 53697682, upload-time = "2026-08-24T09:36:50.265Z" },
    { url = "https://files.pythonhosted.org/packages/47/35/74cd099333a1a71cf0a8e61da4a44fbb932471952ae9e633b30345854fff/polars_runtime_32-1.44.0-cp310-abi3-win_arm64.whl", hash = "sha256:059cb0dc30192de28e30d3b5bc6c4206603b11374ee1df1f7380aa85a509bbf0", size = 47275999, upload-time = "2026-08-24T09:36:54.464Z" },
]

[[package]]
name = "polarsense"
version = "0.1.0"
source = { virtual = "." }
dependencies = [
    { name = "polars" },
]

[package.metadata]
requires-dist = [{ name = "polars", specifier = ">=1.44.0" }]
